# THIS IS AN AUTOGENERATED FILE. DO NOT EDIT THIS FILE DIRECTLY.
# yarn lockfile v1


react-native-device-info@^8.3.1:
  version "8.3.1"
  resolved "https://registry.yarnpkg.com/react-native-device-info/-/react-native-device-info-8.3.1.tgz#f32cbb22a74e51b05b896c03649fcbfd0a0da513"
  integrity sha512-tEJlyECZeFVZcEJVSZIN8OGghnlrZmSy0J8PGU4mCNk4KMTvx3tHpHMc6c7afl3lS2vOBP3jslzHzRMDgh42cA==
